
Microsoft Visual Studio Solution File, Format Version 12.00
# Visual Studio Version 17
VisualStudioVersion = 17.1.32319.34
MinimumVisualStudioVersion = 10.0.40219.1
Project("{9A19103F-16F7-4668-BE54-9A1E7A4F7556}") = "Entities", "Entities\Entities.csproj", "{1D3083EB-60A9-49EC-BC48-DA4DC93B969C}"
EndProject
Project("{9A19103F-16F7-4668-BE54-9A1E7A4F7556}") = "DataAccess", "DataAccess\DataAccess.csproj", "{0DA44034-D151-405D-B899-E6560143DD09}"
EndProject
Project("{9A19103F-16F7-4668-BE54-9A1E7A4F7556}") = "Business", "Business\Business.csproj", "{73B8E985-43A0-4B7C-A0D9-FEE256BB6D42}"
EndProject
Project("{9A19103F-16F7-4668-BE54-9A1E7A4F7556}") = "Core", "Core\Core.csproj", "{4BDF9176-31D5-4B19-A47B-2795A0E18094}"
EndProject
Project("{9A19103F-16F7-4668-BE54-9A1E7A4F7556}") = "WebAPI", "WebAPI\WebAPI.csproj", "{0E9ABA87-6354-421D-BCA1-D589B55DB00E}"
EndProject
Global
	GlobalSection(SolutionConfigurationPlatforms) = preSolution
		Debug|Any CPU = Debug|Any CPU
		Release|Any CPU = Release|Any CPU
	EndGlobalSection
	GlobalSection(ProjectConfigurationPlatforms) = postSolution
		{1D3083EB-60A9-49EC-BC48-DA4DC93B969C}.Debug|Any CPU.ActiveCfg = Debug|Any CPU
		{1D3083EB-60A9-49EC-BC48-DA4DC93B969C}.Debug|Any CPU.Build.0 = Debug|Any CPU
		{1D3083EB-60A9-49EC-BC48-DA4DC93B969C}.Release|Any CPU.ActiveCfg = Release|Any CPU
		{1D3083EB-60A9-49EC-BC48-DA4DC93B969C}.Release|Any CPU.Build.0 = Release|Any CPU
		{0DA44034-D151-405D-B899-E6560143DD09}.Debug|Any CPU.ActiveCfg = Debug|Any CPU
		{0DA44034-D151-405D-B899-E6560143DD09}.Debug|Any CPU.Build.0 = Debug|Any CPU
		{0DA44034-D151-405D-B899-E6560143DD09}.Release|Any CPU.ActiveCfg = Release|Any CPU
		{0DA44034-D151-405D-B899-E6560143DD09}.Release|Any CPU.Build.0 = Release|Any CPU
		{73B8E985-43A0-4B7C-A0D9-FEE256BB6D42}.Debug|Any CPU.ActiveCfg = Debug|Any CPU
		{73B8E985-43A0-4B7C-A0D9-FEE256BB6D42}.Debug|Any CPU.Build.0 = Debug|Any CPU
		{73B8E985-43A0-4B7C-A0D9-FEE256BB6D42}.Release|Any CPU.ActiveCfg = Release|Any CPU
		{73B8E985-43A0-4B7C-A0D9-FEE256BB6D42}.Release|Any CPU.Build.0 = Release|Any CPU
		{4BDF9176-31D5-4B19-A47B-2795A0E18094}.Debug|Any CPU.ActiveCfg = Debug|Any CPU
		{4BDF9176-31D5-4B19-A47B-2795A0E18094}.Debug|Any CPU.Build.0 = Debug|Any CPU
		{4BDF9176-31D5-4B19-A47B-2795A0E18094}.Release|Any CPU.ActiveCfg = Release|Any CPU
		{4BDF9176-31D5-4B19-A47B-2795A0E18094}.Release|Any CPU.Build.0 = Release|Any CPU
		{0E9ABA87-6354-421D-BCA1-D589B55DB00E}.Debug|Any CPU.ActiveCfg = Debug|Any CPU
		{0E9ABA87-6354-421D-BCA1-D589B55DB00E}.Debug|Any CPU.Build.0 = Debug|Any CPU
		{0E9ABA87-6354-421D-BCA1-D589B55DB00E}.Release|Any CPU.ActiveCfg = Release|Any CPU
		{0E9ABA87-6354-421D-BCA1-D589B55DB00E}.Release|Any CPU.Build.0 = Release|Any CPU
	EndGlobalSection
	GlobalSection(SolutionProperties) = preSolution
		HideSolutionNode = FALSE
	EndGlobalSection
	GlobalSection(ExtensibilityGlobals) = postSolution
		SolutionGuid = {605B1BDD-C0DE-483D-A270-1951E5692025}
	EndGlobalSection
EndGlobal
